<?xml version="1.0" encoding="UTF-8" standalone="yes" ?>
<CodeBlocks_project_file>
	<FileVersion major="1" minor="6" />
	<Project>
		<Option title="Minesweeper" />
		<Option pch_mode="2" />
		<Option compiler="gcc" />
		<Build>
			<Target title="Debug">
				<Option output="bin/Debug/Minesweeper" prefix_auto="1" extension_auto="1" />
				<Option object_output="obj/Debug/" />
				<Option type="1" />
				<Option compiler="gcc" />
				<Compiler>
					<Add option="-g" />
					<Add option="-D__DEBUG__" />
				</Compiler>
				<Linker>
					<Add library="sfml-graphics-d" />
					<Add library="sfml-window-d" />
					<Add library="sfml-audio-d" />
					<Add library="sfml-network-d" />
					<Add library="sfml-system-d" />
				</Linker>
			</Target>
			<Target title="Release">
				<Option output="bin/Release/Minesweeper" prefix_auto="1" extension_auto="1" />
				<Option object_output="obj/Release/" />
				<Option type="1" />
				<Option compiler="gcc" />
				<Compiler>
					<Add option="-O2" />
					<Add option="-D__RELEASE__" />
				</Compiler>
				<Linker>
					<Add option="-s" />
					<Add library="sfml-graphics" />
					<Add library="sfml-window" />
					<Add library="sfml-audio" />
					<Add library="sfml-network" />
					<Add library="sfml-system" />
				</Linker>
			</Target>
			<Target title="Static Release">
				<Option output="bin/StaticRelease/Minesweeper" prefix_auto="1" extension_auto="1" />
				<Option object_output="obj/StaticRelease/" />
				<Option type="1" />
				<Option compiler="gcc" />
				<Compiler>
					<Add option="-O2" />
					<Add option="-DSFML_STATIC" />
					<Add option="-D__S_RELEASE__" />
				</Compiler>
				<Linker>
					<Add option="-s" />
					<Add option="-mwindows" />
					<Add library="sfml-graphics-s" />
					<Add library="sfml-window-s" />
					<Add library="sfml-audio-s" />
					<Add library="sfml-network-s" />
					<Add library="sfml-system-s" />
					<Add library="opengl32" />
					<Add library="winmm" />
					<Add library="gdi32" />
					<Add library="freetype" />
					<Add library="openal32" />
					<Add library="flac" />
					<Add library="vorbisenc" />
					<Add library="vorbisfile" />
					<Add library="vorbis" />
					<Add library="ogg" />
					<Add library="ws2_32" />
				</Linker>
			</Target>
		</Build>
		<Compiler>
			<Add option="-Wall" />
			<Add option="-std=c++17" />
			<Add option="-m64" />
			<Add option='-isystem &quot;..\thirdparty\SFML-2.5.1\include&quot;' />
			<Add option='-isystem &quot;..\thirdparty\tweeny-3.1.1\include&quot;' />
			<Add option='-isystem &quot;..\thirdparty\Encryptions&quot;' />
			<Add directory="include" />
		</Compiler>
		<Linker>
			<Add option="-static-libstdc++" />
			<Add option="-static-libgcc" />
			<Add option="-m64" />
			<Add directory="../thirdparty/SFML-2.5.1/lib" />
		</Linker>
		<Unit filename="../thirdparty/Encryptions/Encryptions/AES.cpp" />
		<Unit filename="../thirdparty/Encryptions/Encryptions/SymAlg.cpp" />
		<Unit filename="../thirdparty/Encryptions/common/includes.cpp" />
		<Unit filename="../thirdparty/json11/json11.cpp" />
		<Unit filename="../thirdparty/json11/json11.hpp" />
		<Unit filename="include/Emoji.h" />
		<Unit filename="include/GameLogic.h" />
		<Unit filename="include/GlobalConfigurations.h" />
		<Unit filename="include/Input.h" />
		<Unit filename="include/Input.hpp" />
		<Unit filename="include/MinesweeperGame.h" />
		<Unit filename="include/assets/AllFieldsOKButtonDown.h">
			<Option target="Static Release" />
		</Unit>
		<Unit filename="include/assets/AllFieldsOKButtonHovered.h">
			<Option target="Static Release" />
		</Unit>
		<Unit filename="include/assets/AllFieldsOKButtonNHovered.h">
			<Option target="Static Release" />
		</Unit>
		<Unit filename="include/assets/AllFieldsPanel.h">
			<Option target="Static Release" />
		</Unit>
		<Unit filename="include/assets/Arial.h">
			<Option target="Static Release" />
		</Unit>
		<Unit filename="include/assets/AverageButtonDown.h">
			<Option target="Static Release" />
		</Unit>
		<Unit filename="include/assets/AverageButtonHovered.h">
			<Option target="Static Release" />
		</Unit>
		<Unit filename="include/assets/AverageButtonNHovered.h">
			<Option target="Static Release" />
		</Unit>
		<Unit filename="include/assets/BandageFace.h">
			<Option target="Static Release" />
		</Unit>
		<Unit filename="include/assets/BeginnerButtonDown.h">
			<Option target="Static Release" />
		</Unit>
		<Unit filename="include/assets/BeginnerButtonHovered.h">
			<Option target="Static Release" />
		</Unit>
		<Unit filename="include/assets/BeginnerButtonNHovered.h">
			<Option target="Static Release" />
		</Unit>
		<Unit filename="include/assets/BigBombFRG.h">
			<Option target="Static Release" />
		</Unit>
		<Unit filename="include/assets/BigBombVRT.h">
			<Option target="Static Release" />
		</Unit>
		<Unit filename="include/assets/BombExplosion.h">
			<Option target="Static Release" />
		</Unit>
		<Unit filename="include/assets/BombIcon.h" />
		<Unit filename="include/assets/BombSplashScreen.h">
			<Option target="Static Release" />
		</Unit>
		<Unit filename="include/assets/BombSpriteSheet.h">
			<Option target="Static Release" />
		</Unit>
		<Unit filename="include/assets/CancelButtonDown.h">
			<Option target="Static Release" />
		</Unit>
		<Unit filename="include/assets/CancelButtonHovered.h">
			<Option target="Static Release" />
		</Unit>
		<Unit filename="include/assets/CancelButtonNHovered.h">
			<Option target="Static Release" />
		</Unit>
		<Unit filename="include/assets/Chicken.h">
			<Option target="Static Release" />
		</Unit>
		<Unit filename="include/assets/ChickenedOutPanel.h">
			<Option target="Static Release" />
		</Unit>
		<Unit filename="include/assets/Clapping.h">
			<Option target="Static Release" />
		</Unit>
		<Unit filename="include/assets/ClearButtonDown.h">
			<Option target="Static Release" />
		</Unit>
		<Unit filename="include/assets/ClearButtonHovered.h">
			<Option target="Static Release" />
		</Unit>
		<Unit filename="include/assets/ClearButtonNHovered.h">
			<Option target="Static Release" />
		</Unit>
		<Unit filename="include/assets/ClientArrived.h">
			<Option target="Static Release" />
		</Unit>
		<Unit filename="include/assets/CounterPanel.h">
			<Option target="Static Release" />
		</Unit>
		<Unit filename="include/assets/CreditsDown.h">
			<Option target="Static Release" />
		</Unit>
		<Unit filename="include/assets/CreditsHovered.h">
			<Option target="Static Release" />
		</Unit>
		<Unit filename="include/assets/CreditsNHovered.h">
			<Option target="Static Release" />
		</Unit>
		<Unit filename="include/assets/CreditsPanelFRG.h">
			<Option target="Static Release" />
		</Unit>
		<Unit filename="include/assets/CursorSFX.h">
			<Option target="Static Release" />
		</Unit>
		<Unit filename="include/assets/Digital7Mono.h">
			<Option target="Static Release" />
		</Unit>
		<Unit filename="include/assets/DurationAButtonDown.h">
			<Option target="Static Release" />
		</Unit>
		<Unit filename="include/assets/DurationAButtonHovered.h">
			<Option target="Static Release" />
		</Unit>
		<Unit filename="include/assets/DurationAButtonNHovered.h">
			<Option target="Static Release" />
		</Unit>
		<Unit filename="include/assets/DurationBButtonDown.h">
			<Option target="Static Release" />
		</Unit>
		<Unit filename="include/assets/DurationBButtonHovered.h">
			<Option target="Static Release" />
		</Unit>
		<Unit filename="include/assets/DurationBButtonNHovered.h">
			<Option target="Static Release" />
		</Unit>
		<Unit filename="include/assets/DurationCButtonDown.h">
			<Option target="Static Release" />
		</Unit>
		<Unit filename="include/assets/DurationCButtonHovered.h">
			<Option target="Static Release" />
		</Unit>
		<Unit filename="include/assets/DurationCButtonNHovered.h">
			<Option target="Static Release" />
		</Unit>
		<Unit filename="include/assets/EmptyCell.h">
			<Option target="Static Release" />
		</Unit>
		<Unit filename="include/assets/ExpertButtonDown.h">
			<Option target="Static Release" />
		</Unit>
		<Unit filename="include/assets/ExpertButtonHovered.h">
			<Option target="Static Release" />
		</Unit>
		<Unit filename="include/assets/ExpertButtonNHovered.h">
			<Option target="Static Release" />
		</Unit>
		<Unit filename="include/assets/FailedToHost.h">
			<Option target="Static Release" />
		</Unit>
		<Unit filename="include/assets/FlagSet.h">
			<Option target="Static Release" />
		</Unit>
		<Unit filename="include/assets/GameOverPanelBG.h">
			<Option target="Static Release" />
		</Unit>
		<Unit filename="include/assets/GamePanel.h">
			<Option target="Static Release" />
		</Unit>
		<Unit filename="include/assets/GameSoundtrack.h">
			<Option target="Static Release" />
		</Unit>
		<Unit filename="include/assets/GridButtonPressed.h">
			<Option target="Static Release" />
		</Unit>
		<Unit filename="include/assets/GridButtonUp.h">
			<Option target="Static Release" />
		</Unit>
		<Unit filename="include/assets/HostButtonDown.h">
			<Option target="Static Release" />
		</Unit>
		<Unit filename="include/assets/HostButtonHovered.h">
			<Option target="Static Release" />
		</Unit>
		<Unit filename="include/assets/HostButtonNHovered.h">
			<Option target="Static Release" />
		</Unit>
		<Unit filename="include/assets/HushedFace.h">
			<Option target="Static Release" />
		</Unit>
		<Unit filename="include/assets/INET.h">
			<Option target="Static Release" />
		</Unit>
		<Unit filename="include/assets/Icon1.h">
			<Option target="Static Release" />
		</Unit>
		<Unit filename="include/assets/Icon2.h">
			<Option target="Static Release" />
		</Unit>
		<Unit filename="include/assets/Icon3.h">
			<Option target="Static Release" />
		</Unit>
		<Unit filename="include/assets/Icon4.h">
			<Option target="Static Release" />
		</Unit>
		<Unit filename="include/assets/Icon5.h">
			<Option target="Static Release" />
		</Unit>
		<Unit filename="include/assets/Icon6.h">
			<Option target="Static Release" />
		</Unit>
		<Unit filename="include/assets/Icon7.h">
			<Option target="Static Release" />
		</Unit>
		<Unit filename="include/assets/Icon8.h">
			<Option target="Static Release" />
		</Unit>
		<Unit filename="include/assets/InvalidIPPortPanel.h">
			<Option target="Static Release" />
		</Unit>
		<Unit filename="include/assets/InvalidPortPanel.h">
			<Option target="Static Release" />
		</Unit>
		<Unit filename="include/assets/JoinButtonDown.h">
			<Option target="Static Release" />
		</Unit>
		<Unit filename="include/assets/JoinButtonHovered.h">
			<Option target="Static Release" />
		</Unit>
		<Unit filename="include/assets/JoinButtonNHovered.h">
			<Option target="Static Release" />
		</Unit>
		<Unit filename="include/assets/LobbyBGFRG.h">
			<Option target="Static Release" />
		</Unit>
		<Unit filename="include/assets/LobbyRegistrationPanel.h">
			<Option target="Static Release" />
		</Unit>
		<Unit filename="include/assets/LobbySoundtrack.h">
			<Option target="Static Release" />
		</Unit>
		<Unit filename="include/assets/MainMenuBG.h">
			<Option target="Static Release" />
		</Unit>
		<Unit filename="include/assets/MainMenuButtonDownT.h">
			<Option target="Static Release" />
		</Unit>
		<Unit filename="include/assets/MainMenuButtonHovered.h">
			<Option target="Static Release" />
		</Unit>
		<Unit filename="include/assets/MainMenuButtonHoveredT.h">
			<Option target="Static Release" />
		</Unit>
		<Unit filename="include/assets/MainMenuButtonNHoveredT.h">
			<Option target="Static Release" />
		</Unit>
		<Unit filename="include/assets/MainMenuButtonPressed.h">
			<Option target="Static Release" />
		</Unit>
		<Unit filename="include/assets/MainMenuSoundtrack.h">
			<Option target="Static Release" />
		</Unit>
		<Unit filename="include/assets/MatchDropPanel.h">
			<Option target="Static Release" />
		</Unit>
		<Unit filename="include/assets/MiniBombSpriteSheet.h">
			<Option target="Static Release" />
		</Unit>
		<Unit filename="include/assets/MiniP1Flag.h">
			<Option target="Static Release" />
		</Unit>
		<Unit filename="include/assets/MiniP2Flag.h">
			<Option target="Static Release" />
		</Unit>
		<Unit filename="include/assets/NeonNanoborg.h">
			<Option target="Static Release" />
		</Unit>
		<Unit filename="include/assets/NotABomb.h">
			<Option target="Static Release" />
		</Unit>
		<Unit filename="include/assets/NotABombP1.h">
			<Option target="Static Release" />
		</Unit>
		<Unit filename="include/assets/NotABombP2.h">
			<Option target="Static Release" />
		</Unit>
		<Unit filename="include/assets/OnlineGameFinished.h">
			<Option target="Static Release" />
		</Unit>
		<Unit filename="include/assets/OnlineGameMatchPanel.h">
			<Option target="Static Release" />
		</Unit>
		<Unit filename="include/assets/Oooh.h">
			<Option target="Static Release" />
		</Unit>
		<Unit filename="include/assets/P1Flag.h">
			<Option target="Static Release" />
		</Unit>
		<Unit filename="include/assets/P1LobbyPanel.h">
			<Option target="Static Release" />
		</Unit>
		<Unit filename="include/assets/P2Flag.h">
			<Option target="Static Release" />
		</Unit>
		<Unit filename="include/assets/P2LobbyPanel.h">
			<Option target="Static Release" />
		</Unit>
		<Unit filename="include/assets/PlayOfflineDown.h">
			<Option target="Static Release" />
		</Unit>
		<Unit filename="include/assets/PlayOfflineHovered.h">
			<Option target="Static Release" />
		</Unit>
		<Unit filename="include/assets/PlayOfflineNHovered.h">
			<Option target="Static Release" />
		</Unit>
		<Unit filename="include/assets/PlayOnlineDown.h">
			<Option target="Static Release" />
		</Unit>
		<Unit filename="include/assets/PlayOnlineHovered.h">
			<Option target="Static Release" />
		</Unit>
		<Unit filename="include/assets/PlayOnlineNHovered.h">
			<Option target="Static Release" />
		</Unit>
		<Unit filename="include/assets/QuitDown.h">
			<Option target="Static Release" />
		</Unit>
		<Unit filename="include/assets/QuitHovered.h">
			<Option target="Static Release" />
		</Unit>
		<Unit filename="include/assets/QuitNHovered.h">
			<Option target="Static Release" />
		</Unit>
		<Unit filename="include/assets/RadialClippingFRG.h">
			<Option target="Static Release" />
		</Unit>
		<Unit filename="include/assets/RecordGrid.h">
			<Option target="Static Release" />
		</Unit>
		<Unit filename="include/assets/RecordGridFRG.h">
			<Option target="Static Release" />
		</Unit>
		<Unit filename="include/assets/RestartButtonDown.h">
			<Option target="Static Release" />
		</Unit>
		<Unit filename="include/assets/RestartButtonHovered.h">
			<Option target="Static Release" />
		</Unit>
		<Unit filename="include/assets/RestartButtonNHovered.h">
			<Option target="Static Release" />
		</Unit>
		<Unit filename="include/assets/ReturnDown.h">
			<Option target="Static Release" />
		</Unit>
		<Unit filename="include/assets/ReturnHovered.h">
			<Option target="Static Release" />
		</Unit>
		<Unit filename="include/assets/ReturnNHovered.h">
			<Option target="Static Release" />
		</Unit>
		<Unit filename="include/assets/SelectDifficultyPanel.h">
			<Option target="Static Release" />
		</Unit>
		<Unit filename="include/assets/SelectDurationPanel.h">
			<Option target="Static Release" />
		</Unit>
		<Unit filename="include/assets/SmallAverageButtonDown.h">
			<Option target="Static Release" />
		</Unit>
		<Unit filename="include/assets/SmallAverageButtonHovered.h">
			<Option target="Static Release" />
		</Unit>
		<Unit filename="include/assets/SmallAverageButtonNHovered.h">
			<Option target="Static Release" />
		</Unit>
		<Unit filename="include/assets/SmallBeginnerButtonDown.h">
			<Option target="Static Release" />
		</Unit>
		<Unit filename="include/assets/SmallBeginnerButtonHovered.h">
			<Option target="Static Release" />
		</Unit>
		<Unit filename="include/assets/SmallBeginnerButtonNHovered.h">
			<Option target="Static Release" />
		</Unit>
		<Unit filename="include/assets/SmallExpertButtonDown.h">
			<Option target="Static Release" />
		</Unit>
		<Unit filename="include/assets/SmallExpertButtonHovered.h">
			<Option target="Static Release" />
		</Unit>
		<Unit filename="include/assets/SmallExpertButtonNHovered.h">
			<Option target="Static Release" />
		</Unit>
		<Unit filename="include/assets/SmilingFace.h">
			<Option target="Static Release" />
		</Unit>
		<Unit filename="include/assets/SplashScreenSoundtrack.h">
			<Option target="Static Release" />
		</Unit>
		<Unit filename="include/assets/StartButtonDown.h">
			<Option target="Static Release" />
		</Unit>
		<Unit filename="include/assets/StartButtonHovered.h">
			<Option target="Static Release" />
		</Unit>
		<Unit filename="include/assets/StartButtonNHovered.h">
			<Option target="Static Release" />
		</Unit>
		<Unit filename="include/assets/SunglassesFace.h">
			<Option target="Static Release" />
		</Unit>
		<Unit filename="include/assets/Title.h">
			<Option target="Static Release" />
		</Unit>
		<Unit filename="include/assets/TurnTimeOut.h">
			<Option target="Static Release" />
		</Unit>
		<Unit filename="include/assets/Typing.h">
			<Option target="Static Release" />
		</Unit>
		<Unit filename="include/assets/Universe.h">
			<Option target="Static Release" />
		</Unit>
		<Unit filename="include/assets/WrongPasswordPanel.h">
			<Option target="Static Release" />
		</Unit>
		<Unit filename="include/assets/YourTurn.h">
			<Option target="Static Release" />
		</Unit>
		<Unit filename="include/components/Button.h" />
		<Unit filename="include/components/Panel.h" />
		<Unit filename="include/components/TextEdit.h" />
		<Unit filename="include/components/buttons/AllFieldsOKButton.h" />
		<Unit filename="include/components/buttons/AverageButton.h" />
		<Unit filename="include/components/buttons/BeginnerButton.h" />
		<Unit filename="include/components/buttons/ChickenedOutOKButton.h" />
		<Unit filename="include/components/buttons/ClearButton.h" />
		<Unit filename="include/components/buttons/ConnectionCancelButton.h" />
		<Unit filename="include/components/buttons/CreditsButton.h" />
		<Unit filename="include/components/buttons/CreditsReturnButton.h" />
		<Unit filename="include/components/buttons/DurationAButton.h" />
		<Unit filename="include/components/buttons/DurationBButton.h" />
		<Unit filename="include/components/buttons/DurationCButton.h" />
		<Unit filename="include/components/buttons/ExpertButton.h" />
		<Unit filename="include/components/buttons/GameOverAverageButton.h" />
		<Unit filename="include/components/buttons/GameOverBeginnerButton.h" />
		<Unit filename="include/components/buttons/GameOverDurationAButton.h" />
		<Unit filename="include/components/buttons/GameOverDurationBButton.h" />
		<Unit filename="include/components/buttons/GameOverDurationCButton.h" />
		<Unit filename="include/components/buttons/GameOverExpertButton.h" />
		<Unit filename="include/components/buttons/GridButton.h" />
		<Unit filename="include/components/buttons/HostButton.h" />
		<Unit filename="include/components/buttons/JoinButton.h" />
		<Unit filename="include/components/buttons/LobbyAverageButton.h" />
		<Unit filename="include/components/buttons/LobbyBeginnerButton.h" />
		<Unit filename="include/components/buttons/LobbyExpertButton.h" />
		<Unit filename="include/components/buttons/LobbyReturnButton.h" />
		<Unit filename="include/components/buttons/MainMenuButton.h" />
		<Unit filename="include/components/buttons/PlayOfflineButton.h" />
		<Unit filename="include/components/buttons/PlayOfflineReturnButton.h" />
		<Unit filename="include/components/buttons/PlayOnlineButton.h" />
		<Unit filename="include/components/buttons/QuitButton.h" />
		<Unit filename="include/components/buttons/RestartButton.h" />
		<Unit filename="include/components/buttons/StartButton.h" />
		<Unit filename="include/components/panels/GameOverPanel.h" />
		<Unit filename="include/io/MusicStream.h" />
		<Unit filename="include/io/Network.h" />
		<Unit filename="include/io/ResourceLoader.h" />
		<Unit filename="include/io/ResourceLoader.hpp" />
		<Unit filename="include/io/SimpleINIParser.h" />
		<Unit filename="include/io/ini_strings/WindowINI.h">
			<Option target="Static Release" />
		</Unit>
		<Unit filename="include/scene/Scene.h" />
		<Unit filename="include/scene/SceneManager.h" />
		<Unit filename="include/scene/scenes/Game.h" />
		<Unit filename="include/scene/scenes/Lobby.h" />
		<Unit filename="include/scene/scenes/MainMenu.h" />
		<Unit filename="include/scene/scenes/SplashScreen.h" />
		<Unit filename="include/scene/scenes/TestZone.h">
			<Option target="Debug" />
		</Unit>
		<Unit filename="include/tools/AnimationPlayer.h" />
		<Unit filename="include/tools/EncryptionKey.h" />
		<Unit filename="include/tools/Vector2Hash.h" />
		<Unit filename="res/resource.rc">
			<Option compilerVar="WINDRES" />
		</Unit>
		<Unit filename="src/Emoji.cpp" />
		<Unit filename="src/GlobalConfigurations.cpp" />
		<Unit filename="src/Input.cpp" />
		<Unit filename="src/Main.cpp" />
		<Unit filename="src/MinesweeperGame.cpp" />
		<Unit filename="src/assets/AllFieldsOKButtonDown.cpp">
			<Option target="Static Release" />
		</Unit>
		<Unit filename="src/assets/AllFieldsOKButtonHovered.cpp">
			<Option target="Static Release" />
		</Unit>
		<Unit filename="src/assets/AllFieldsOKButtonNHovered.cpp">
			<Option target="Static Release" />
		</Unit>
		<Unit filename="src/assets/AllFieldsPanel.cpp">
			<Option target="Static Release" />
		</Unit>
		<Unit filename="src/assets/Arial.cpp">
			<Option target="Static Release" />
		</Unit>
		<Unit filename="src/assets/AverageButtonDown.cpp">
			<Option target="Static Release" />
		</Unit>
		<Unit filename="src/assets/AverageButtonHovered.cpp">
			<Option target="Static Release" />
		</Unit>
		<Unit filename="src/assets/AverageButtonNHovered.cpp">
			<Option target="Static Release" />
		</Unit>
		<Unit filename="src/assets/BandageFace.cpp">
			<Option target="Static Release" />
		</Unit>
		<Unit filename="src/assets/BeginnerButtonDown.cpp">
			<Option target="Static Release" />
		</Unit>
		<Unit filename="src/assets/BeginnerButtonHovered.cpp">
			<Option target="Static Release" />
		</Unit>
		<Unit filename="src/assets/BeginnerButtonNHovered.cpp">
			<Option target="Static Release" />
		</Unit>
		<Unit filename="src/assets/BigBombFRG.cpp">
			<Option target="Static Release" />
		</Unit>
		<Unit filename="src/assets/BigBombVRT.cpp">
			<Option target="Static Release" />
		</Unit>
		<Unit filename="src/assets/BombExplosion.cpp">
			<Option target="Static Release" />
		</Unit>
		<Unit filename="src/assets/BombIcon.cpp" />
		<Unit filename="src/assets/BombSplashScreen.cpp">
			<Option target="Static Release" />
		</Unit>
		<Unit filename="src/assets/BombSpriteSheet.cpp">
			<Option target="Static Release" />
		</Unit>
		<Unit filename="src/assets/CancelButtonDown.cpp">
			<Option target="Static Release" />
		</Unit>
		<Unit filename="src/assets/CancelButtonHovered.cpp">
			<Option target="Static Release" />
		</Unit>
		<Unit filename="src/assets/CancelButtonNHovered.cpp">
			<Option target="Static Release" />
		</Unit>
		<Unit filename="src/assets/Chicken.cpp">
			<Option target="Static Release" />
		</Unit>
		<Unit filename="src/assets/ChickenedOutPanel.cpp">
			<Option target="Static Release" />
		</Unit>
		<Unit filename="src/assets/Clapping.cpp">
			<Option target="Static Release" />
		</Unit>
		<Unit filename="src/assets/ClearButtonDown.cpp">
			<Option target="Static Release" />
		</Unit>
		<Unit filename="src/assets/ClearButtonHovered.cpp">
			<Option target="Static Release" />
		</Unit>
		<Unit filename="src/assets/ClearButtonNHovered.cpp">
			<Option target="Static Release" />
		</Unit>
		<Unit filename="src/assets/ClientArrived.cpp">
			<Option target="Static Release" />
		</Unit>
		<Unit filename="src/assets/CounterPanel.cpp">
			<Option target="Static Release" />
		</Unit>
		<Unit filename="src/assets/CreditsDown.cpp">
			<Option target="Static Release" />
		</Unit>
		<Unit filename="src/assets/CreditsHovered.cpp">
			<Option target="Static Release" />
		</Unit>
		<Unit filename="src/assets/CreditsNHovered.cpp">
			<Option target="Static Release" />
		</Unit>
		<Unit filename="src/assets/CreditsPanelFRG.cpp">
			<Option target="Static Release" />
		</Unit>
		<Unit filename="src/assets/CursorSFX.cpp">
			<Option target="Static Release" />
		</Unit>
		<Unit filename="src/assets/Digital7Mono.cpp">
			<Option target="Static Release" />
		</Unit>
		<Unit filename="src/assets/DurationAButtonDown.cpp">
			<Option target="Static Release" />
		</Unit>
		<Unit filename="src/assets/DurationAButtonHovered.cpp">
			<Option target="Static Release" />
		</Unit>
		<Unit filename="src/assets/DurationAButtonNHovered.cpp">
			<Option target="Static Release" />
		</Unit>
		<Unit filename="src/assets/DurationBButtonDown.cpp">
			<Option target="Static Release" />
		</Unit>
		<Unit filename="src/assets/DurationBButtonHovered.cpp">
			<Option target="Static Release" />
		</Unit>
		<Unit filename="src/assets/DurationBButtonNHovered.cpp">
			<Option target="Static Release" />
		</Unit>
		<Unit filename="src/assets/DurationCButtonDown.cpp">
			<Option target="Static Release" />
		</Unit>
		<Unit filename="src/assets/DurationCButtonHovered.cpp">
			<Option target="Static Release" />
		</Unit>
		<Unit filename="src/assets/DurationCButtonNHovered.cpp">
			<Option target="Static Release" />
		</Unit>
		<Unit filename="src/assets/EmptyCell.cpp">
			<Option target="Static Release" />
		</Unit>
		<Unit filename="src/assets/ExpertButtonDown.cpp">
			<Option target="Static Release" />
		</Unit>
		<Unit filename="src/assets/ExpertButtonHovered.cpp">
			<Option target="Static Release" />
		</Unit>
		<Unit filename="src/assets/ExpertButtonNHovered.cpp">
			<Option target="Static Release" />
		</Unit>
		<Unit filename="src/assets/FailedToHost.cpp">
			<Option target="Static Release" />
		</Unit>
		<Unit filename="src/assets/FlagSet.cpp">
			<Option target="Static Release" />
		</Unit>
		<Unit filename="src/assets/GameOverPanelBG.cpp">
			<Option target="Static Release" />
		</Unit>
		<Unit filename="src/assets/GamePanel.cpp">
			<Option target="Static Release" />
		</Unit>
		<Unit filename="src/assets/GameSoundtrack.cpp">
			<Option target="Static Release" />
		</Unit>
		<Unit filename="src/assets/GridButtonPressed.cpp">
			<Option target="Static Release" />
		</Unit>
		<Unit filename="src/assets/GridButtonUp.cpp">
			<Option target="Static Release" />
		</Unit>
		<Unit filename="src/assets/HostButtonDown.cpp">
			<Option target="Static Release" />
		</Unit>
		<Unit filename="src/assets/HostButtonHovered.cpp">
			<Option target="Static Release" />
		</Unit>
		<Unit filename="src/assets/HostButtonNHovered.cpp">
			<Option target="Static Release" />
		</Unit>
		<Unit filename="src/assets/HushedFace.cpp">
			<Option target="Static Release" />
		</Unit>
		<Unit filename="src/assets/INET.cpp">
			<Option target="Static Release" />
		</Unit>
		<Unit filename="src/assets/Icon1.cpp">
			<Option target="Static Release" />
		</Unit>
		<Unit filename="src/assets/Icon2.cpp">
			<Option target="Static Release" />
		</Unit>
		<Unit filename="src/assets/Icon3.cpp">
			<Option target="Static Release" />
		</Unit>
		<Unit filename="src/assets/Icon4.cpp">
			<Option target="Static Release" />
		</Unit>
		<Unit filename="src/assets/Icon5.cpp">
			<Option target="Static Release" />
		</Unit>
		<Unit filename="src/assets/Icon6.cpp">
			<Option target="Static Release" />
		</Unit>
		<Unit filename="src/assets/Icon7.cpp">
			<Option target="Static Release" />
		</Unit>
		<Unit filename="src/assets/Icon8.cpp">
			<Option target="Static Release" />
		</Unit>
		<Unit filename="src/assets/InvalidIPPortPanel.cpp">
			<Option target="Static Release" />
		</Unit>
		<Unit filename="src/assets/InvalidPortPanel.cpp">
			<Option target="Static Release" />
		</Unit>
		<Unit filename="src/assets/JoinButtonDown.cpp">
			<Option target="Static Release" />
		</Unit>
		<Unit filename="src/assets/JoinButtonHovered.cpp">
			<Option target="Static Release" />
		</Unit>
		<Unit filename="src/assets/JoinButtonNHovered.cpp">
			<Option target="Static Release" />
		</Unit>
		<Unit filename="src/assets/LobbyBGFRG.cpp">
			<Option target="Static Release" />
		</Unit>
		<Unit filename="src/assets/LobbyRegistrationPanel.cpp">
			<Option target="Static Release" />
		</Unit>
		<Unit filename="src/assets/LobbySoundtrack.cpp">
			<Option target="Static Release" />
		</Unit>
		<Unit filename="src/assets/MainMenuBG.cpp">
			<Option target="Static Release" />
		</Unit>
		<Unit filename="src/assets/MainMenuButtonDownT.cpp">
			<Option target="Static Release" />
		</Unit>
		<Unit filename="src/assets/MainMenuButtonHovered.cpp">
			<Option target="Static Release" />
		</Unit>
		<Unit filename="src/assets/MainMenuButtonHoveredT.cpp">
			<Option target="Static Release" />
		</Unit>
		<Unit filename="src/assets/MainMenuButtonNHoveredT.cpp">
			<Option target="Static Release" />
		</Unit>
		<Unit filename="src/assets/MainMenuButtonPressed.cpp">
			<Option target="Static Release" />
		</Unit>
		<Unit filename="src/assets/MainMenuSoundtrack.cpp">
			<Option target="Static Release" />
		</Unit>
		<Unit filename="src/assets/MatchDropPanel.cpp">
			<Option target="Static Release" />
		</Unit>
		<Unit filename="src/assets/MiniBombSpriteSheet.cpp">
			<Option target="Static Release" />
		</Unit>
		<Unit filename="src/assets/MiniP1Flag.cpp">
			<Option target="Static Release" />
		</Unit>
		<Unit filename="src/assets/MiniP2Flag.cpp">
			<Option target="Static Release" />
		</Unit>
		<Unit filename="src/assets/NeonNanoborg.cpp">
			<Option target="Static Release" />
		</Unit>
		<Unit filename="src/assets/NotABomb.cpp">
			<Option target="Static Release" />
		</Unit>
		<Unit filename="src/assets/NotABombP1.cpp">
			<Option target="Static Release" />
		</Unit>
		<Unit filename="src/assets/NotABombP2.cpp">
			<Option target="Static Release" />
		</Unit>
		<Unit filename="src/assets/OnlineGameFinished.cpp">
			<Option target="Static Release" />
		</Unit>
		<Unit filename="src/assets/OnlineGameMatchPanel.cpp">
			<Option target="Static Release" />
		</Unit>
		<Unit filename="src/assets/Oooh.cpp">
			<Option target="Static Release" />
		</Unit>
		<Unit filename="src/assets/P1Flag.cpp">
			<Option target="Static Release" />
		</Unit>
		<Unit filename="src/assets/P1LobbyPanel.cpp">
			<Option target="Static Release" />
		</Unit>
		<Unit filename="src/assets/P2Flag.cpp">
			<Option target="Static Release" />
		</Unit>
		<Unit filename="src/assets/P2LobbyPanel.cpp">
			<Option target="Static Release" />
		</Unit>
		<Unit filename="src/assets/PlayOfflineDown.cpp">
			<Option target="Static Release" />
		</Unit>
		<Unit filename="src/assets/PlayOfflineHovered.cpp">
			<Option target="Static Release" />
		</Unit>
		<Unit filename="src/assets/PlayOfflineNHovered.cpp">
			<Option target="Static Release" />
		</Unit>
		<Unit filename="src/assets/PlayOnlineDown.cpp">
			<Option target="Static Release" />
		</Unit>
		<Unit filename="src/assets/PlayOnlineHovered.cpp">
			<Option target="Static Release" />
		</Unit>
		<Unit filename="src/assets/PlayOnlineNHovered.cpp">
			<Option target="Static Release" />
		</Unit>
		<Unit filename="src/assets/QuitDown.cpp">
			<Option target="Static Release" />
		</Unit>
		<Unit filename="src/assets/QuitHovered.cpp">
			<Option target="Static Release" />
		</Unit>
		<Unit filename="src/assets/QuitNHovered.cpp">
			<Option target="Static Release" />
		</Unit>
		<Unit filename="src/assets/RadialClippingFRG.cpp">
			<Option target="Static Release" />
		</Unit>
		<Unit filename="src/assets/RecordGrid.cpp">
			<Option target="Static Release" />
		</Unit>
		<Unit filename="src/assets/RecordGridFRG.cpp">
			<Option target="Static Release" />
		</Unit>
		<Unit filename="src/assets/RestartButtonDown.cpp">
			<Option target="Static Release" />
		</Unit>
		<Unit filename="src/assets/RestartButtonHovered.cpp">
			<Option target="Static Release" />
		</Unit>
		<Unit filename="src/assets/RestartButtonNHovered.cpp">
			<Option target="Static Release" />
		</Unit>
		<Unit filename="src/assets/ReturnDown.cpp">
			<Option target="Static Release" />
		</Unit>
		<Unit filename="src/assets/ReturnHovered.cpp">
			<Option target="Static Release" />
		</Unit>
		<Unit filename="src/assets/ReturnNHovered.cpp">
			<Option target="Static Release" />
		</Unit>
		<Unit filename="src/assets/SelectDifficultyPanel.cpp">
			<Option target="Static Release" />
		</Unit>
		<Unit filename="src/assets/SelectDurationPanel.cpp">
			<Option target="Static Release" />
		</Unit>
		<Unit filename="src/assets/SmallAverageButtonDown.cpp">
			<Option target="Static Release" />
		</Unit>
		<Unit filename="src/assets/SmallAverageButtonHovered.cpp">
			<Option target="Static Release" />
		</Unit>
		<Unit filename="src/assets/SmallAverageButtonNHovered.cpp">
			<Option target="Static Release" />
		</Unit>
		<Unit filename="src/assets/SmallBeginnerButtonDown.cpp">
			<Option target="Static Release" />
		</Unit>
		<Unit filename="src/assets/SmallBeginnerButtonHovered.cpp">
			<Option target="Static Release" />
		</Unit>
		<Unit filename="src/assets/SmallBeginnerButtonNHovered.cpp">
			<Option target="Static Release" />
		</Unit>
		<Unit filename="src/assets/SmallExpertButtonDown.cpp">
			<Option target="Static Release" />
		</Unit>
		<Unit filename="src/assets/SmallExpertButtonHovered.cpp">
			<Option target="Static Release" />
		</Unit>
		<Unit filename="src/assets/SmallExpertButtonNHovered.cpp">
			<Option target="Static Release" />
		</Unit>
		<Unit filename="src/assets/SmilingFace.cpp">
			<Option target="Static Release" />
		</Unit>
		<Unit filename="src/assets/SplashScreenSoundtrack.cpp">
			<Option target="Static Release" />
		</Unit>
		<Unit filename="src/assets/StartButtonDown.cpp">
			<Option target="Static Release" />
		</Unit>
		<Unit filename="src/assets/StartButtonHovered.cpp">
			<Option target="Static Release" />
		</Unit>
		<Unit filename="src/assets/StartButtonNHovered.cpp">
			<Option target="Static Release" />
		</Unit>
		<Unit filename="src/assets/SunglassesFace.cpp">
			<Option target="Static Release" />
		</Unit>
		<Unit filename="src/assets/Title.cpp">
			<Option target="Static Release" />
		</Unit>
		<Unit filename="src/assets/TurnTimeOut.cpp">
			<Option target="Static Release" />
		</Unit>
		<Unit filename="src/assets/Typing.cpp">
			<Option target="Static Release" />
		</Unit>
		<Unit filename="src/assets/Universe.cpp">
			<Option target="Static Release" />
		</Unit>
		<Unit filename="src/assets/WrongPasswordPanel.cpp">
			<Option target="Static Release" />
		</Unit>
		<Unit filename="src/assets/YourTurn.cpp">
			<Option target="Static Release" />
		</Unit>
		<Unit filename="src/components/Button.cpp" />
		<Unit filename="src/components/Panel.cpp" />
		<Unit filename="src/components/TextEdit.cpp" />
		<Unit filename="src/components/buttons/AllFieldsOKButton.cpp" />
		<Unit filename="src/components/buttons/AverageButton.cpp" />
		<Unit filename="src/components/buttons/BeginnerButton.cpp" />
		<Unit filename="src/components/buttons/ChickenedOutOKButton.cpp" />
		<Unit filename="src/components/buttons/ClearButton.cpp" />
		<Unit filename="src/components/buttons/ConnectionCancelButton.cpp" />
		<Unit filename="src/components/buttons/CreditsButton.cpp" />
		<Unit filename="src/components/buttons/CreditsReturnButton.cpp" />
		<Unit filename="src/components/buttons/DurationAButton.cpp" />
		<Unit filename="src/components/buttons/DurationBButton.cpp" />
		<Unit filename="src/components/buttons/DurationCButton.cpp" />
		<Unit filename="src/components/buttons/ExpertButton.cpp" />
		<Unit filename="src/components/buttons/GameOverAverageButton.cpp" />
		<Unit filename="src/components/buttons/GameOverBeginnerButton.cpp" />
		<Unit filename="src/components/buttons/GameOverDurationAButton.cpp" />
		<Unit filename="src/components/buttons/GameOverDurationBButton.cpp" />
		<Unit filename="src/components/buttons/GameOverDurationCButton.cpp" />
		<Unit filename="src/components/buttons/GameOverExpertButton.cpp" />
		<Unit filename="src/components/buttons/GridButton.cpp" />
		<Unit filename="src/components/buttons/HostButton.cpp" />
		<Unit filename="src/components/buttons/JoinButton.cpp" />
		<Unit filename="src/components/buttons/LobbyAverageButton.cpp" />
		<Unit filename="src/components/buttons/LobbyBeginnerButton.cpp" />
		<Unit filename="src/components/buttons/LobbyExpertButton.cpp" />
		<Unit filename="src/components/buttons/LobbyReturnButton.cpp" />
		<Unit filename="src/components/buttons/MainMenuButton.cpp" />
		<Unit filename="src/components/buttons/PlayOfflineButton.cpp" />
		<Unit filename="src/components/buttons/PlayOfflineReturnButton.cpp" />
		<Unit filename="src/components/buttons/PlayOnlineButton.cpp" />
		<Unit filename="src/components/buttons/QuitButton.cpp" />
		<Unit filename="src/components/buttons/RestartButton.cpp" />
		<Unit filename="src/components/buttons/StartButton.cpp" />
		<Unit filename="src/components/panels/GameOverPanel.cpp" />
		<Unit filename="src/io/MusicStream.cpp" />
		<Unit filename="src/io/Network.cpp" />
		<Unit filename="src/io/ResourceLoader.cpp" />
		<Unit filename="src/io/SimpleINIParser.cpp" />
		<Unit filename="src/scene/Scene.cpp" />
		<Unit filename="src/scene/SceneManager.cpp" />
		<Unit filename="src/scene/scenes/Game.cpp" />
		<Unit filename="src/scene/scenes/Lobby.cpp" />
		<Unit filename="src/scene/scenes/MainMenu.cpp" />
		<Unit filename="src/scene/scenes/SplashScreen.cpp" />
		<Unit filename="src/scene/scenes/TestZone.cpp" />
		<Unit filename="src/tools/AnimationPlayer.cpp" />
		<Extensions>
			<lib_finder disable_auto="1" />
		</Extensions>
	</Project>
</CodeBlocks_project_file>
