<?xml version="1.0" encoding="UTF-8" standalone="yes" ?>
<CodeBlocks_project_file>
	<FileVersion major="1" minor="6" />
	<Project>
		<Option title="Minesweeper" />
		<Option pch_mode="2" />
		<Option compiler="gcc" />
		<Build>
			<Target title="Debug">
				<Option output="bin/Debug/Minesweeper" prefix_auto="1" extension_auto="1" />
				<Option object_output="obj/Debug/" />
				<Option type="1" />
				<Option compiler="gcc" />
				<Compiler>
					<Add option="-g" />
					<Add option="-D__DEBUG__" />
				</Compiler>
				<Linker>
					<Add library="sfml-graphics-d" />
					<Add library="sfml-window-d" />
					<Add library="sfml-audio-d" />
					<Add library="sfml-network-d" />
					<Add library="sfml-system-d" />
				</Linker>
			</Target>
			<Target title="Release">
				<Option output="bin/Release/Minesweeper" prefix_auto="1" extension_auto="1" />
				<Option object_output="obj/Release/" />
				<Option type="1" />
				<Option compiler="gcc" />
				<Compiler>
					<Add option="-O2" />
					<Add option="-D__RELEASE__" />
				</Compiler>
				<Linker>
					<Add option="-s" />
					<Add option="-mwindows" />
					<Add library="sfml-graphics" />
					<Add library="sfml-window" />
					<Add library="sfml-audio" />
					<Add library="sfml-network" />
					<Add library="sfml-system" />
				</Linker>
			</Target>
			<Target title="Static Release">
				<Option output="bin/StaticRelease/Minesweeper" prefix_auto="1" extension_auto="1" />
				<Option object_output="obj/StaticRelease/" />
				<Option type="1" />
				<Option compiler="gcc" />
				<Compiler>
					<Add option="-O2" />
					<Add option="-DSFML_STATIC" />
					<Add option="-D__S_RELEASE__" />
				</Compiler>
				<Linker>
					<Add option="-s" />
					<Add option="-mwindows" />
					<Add library="sfml-graphics-s" />
					<Add library="sfml-window-s" />
					<Add library="sfml-audio-s" />
					<Add library="sfml-network-s" />
					<Add library="sfml-system-s" />
					<Add library="opengl32" />
					<Add library="winmm" />
					<Add library="gdi32" />
					<Add library="freetype" />
					<Add library="openal32" />
					<Add library="flac" />
					<Add library="vorbisenc" />
					<Add library="vorbisfile" />
					<Add library="vorbis" />
					<Add library="ogg" />
				</Linker>
			</Target>
		</Build>
		<Compiler>
			<Add option="-Wall" />
			<Add option="-m64" />
			<Add option='-isystem &quot;..\thirdparty\SFML-2.5.1\include&quot;' />
			<Add option='-isystem &quot;..\thirdparty\tweeny-3.1.1\include&quot;' />
			<Add directory="include" />
		</Compiler>
		<Linker>
			<Add option="-m64" />
			<Add directory="../thirdparty/SFML-2.5.1/lib" />
		</Linker>
		<Unit filename="include/GlobalConfigurations.h" />
		<Unit filename="include/Input.h" />
		<Unit filename="include/Input.hpp" />
		<Unit filename="include/MinesweeperGame.h" />
		<Unit filename="include/assets/Arial.h">
			<Option target="Static Release" />
		</Unit>
		<Unit filename="include/assets/BombIcon.h" />
		<Unit filename="include/assets/BombSplashScreen.h">
			<Option target="Static Release" />
		</Unit>
		<Unit filename="include/assets/BombSpritesheet.h">
			<Option target="Static Release" />
		</Unit>
		<Unit filename="include/assets/CursorSFX.h">
			<Option target="Static Release" />
		</Unit>
		<Unit filename="include/assets/NeonNanoborg.h">
			<Option target="Static Release" />
		</Unit>
		<Unit filename="include/assets/SplashScreenSoundTrack.h">
			<Option target="Static Release" />
		</Unit>
		<Unit filename="include/assets/StressTestFRG.h">
			<Option target="Static Release" />
		</Unit>
		<Unit filename="include/assets/StressTestVRT.h">
			<Option target="Static Release" />
		</Unit>
		<Unit filename="include/io/MusicStream.h" />
		<Unit filename="include/io/ResourceLoader.h" />
		<Unit filename="include/io/ResourceLoader.hpp" />
		<Unit filename="include/io/SimpleINIParser.h" />
		<Unit filename="include/io/ini_strings/WindowINI.h">
			<Option target="Static Release" />
		</Unit>
		<Unit filename="include/scene/Scene.h" />
		<Unit filename="include/scene/SceneManager.h" />
		<Unit filename="include/scene/scenes/MainMenu.h" />
		<Unit filename="include/scene/scenes/SplashScreen.h" />
		<Unit filename="res/resource.rc">
			<Option compilerVar="WINDRES" />
		</Unit>
		<Unit filename="src/GlobalConfigurations.cpp" />
		<Unit filename="src/Input.cpp" />
		<Unit filename="src/Main.cpp" />
		<Unit filename="src/MinesweeperGame.cpp" />
		<Unit filename="src/assets/Arial.cpp">
			<Option target="Static Release" />
		</Unit>
		<Unit filename="src/assets/BombIcon.cpp" />
		<Unit filename="src/assets/BombSplashScreen.cpp">
			<Option target="Static Release" />
		</Unit>
		<Unit filename="src/assets/BombSpritesheet.cpp">
			<Option target="Static Release" />
		</Unit>
		<Unit filename="src/assets/CursorSFX.cpp">
			<Option target="Static Release" />
		</Unit>
		<Unit filename="src/assets/NeonNanoborg.cpp">
			<Option target="Static Release" />
		</Unit>
		<Unit filename="src/assets/SplashScreenSoundTrack.cpp">
			<Option target="Static Release" />
		</Unit>
		<Unit filename="src/assets/StressTestFRG.cpp">
			<Option target="Static Release" />
		</Unit>
		<Unit filename="src/assets/StressTestVRT.cpp">
			<Option target="Static Release" />
		</Unit>
		<Unit filename="src/io/MusicStream.cpp" />
		<Unit filename="src/io/ResourceLoader.cpp" />
		<Unit filename="src/io/SimpleINIParser.cpp" />
		<Unit filename="src/scene/Scene.cpp" />
		<Unit filename="src/scene/SceneManager.cpp" />
		<Unit filename="src/scene/scenes/MainMenu.cpp" />
		<Unit filename="src/scene/scenes/SplashScreen.cpp" />
		<Extensions>
			<lib_finder disable_auto="1" />
		</Extensions>
	</Project>
</CodeBlocks_project_file>
